
Microsoft Visual Studio Solution File, Format Version 12.00
# Visual Studio Version 17
VisualStudioVersion = 17.0.31903.59
MinimumVisualStudioVersion = 10.0.40219.1
Project("{FAE04EC0-301F-11D3-BF4B-00C04F79EFBC}") = "RobClient", "RobClient\RobClient.csproj", "{F0B59E9B-5F9E-4403-899B-ED0A90585D3E}"
EndProject
Project("{FAE04EC0-301F-11D3-BF4B-00C04F79EFBC}") = "Sandbox", "Sandbox\Sandbox.csproj", "{355FC728-B604-404F-BEAD-5E9F2852444D}"
EndProject
Project("{FAE04EC0-301F-11D3-BF4B-00C04F79EFBC}") = "RobClient.Tests", "RobClient.Tests\RobClient.Tests.csproj", "{1A3B9EB8-C7EB-4C35-A020-8217BA5F1018}"
EndProject
Global
	GlobalSection(SolutionConfigurationPlatforms) = preSolution
		Debug|Any CPU = Debug|Any CPU
		Release|Any CPU = Release|Any CPU
	EndGlobalSection
	GlobalSection(SolutionProperties) = preSolution
		HideSolutionNode = FALSE
	EndGlobalSection
	GlobalSection(ProjectConfigurationPlatforms) = postSolution
		{F0B59E9B-5F9E-4403-899B-ED0A90585D3E}.Debug|Any CPU.ActiveCfg = Debug|Any CPU
		{F0B59E9B-5F9E-4403-899B-ED0A90585D3E}.Debug|Any CPU.Build.0 = Debug|Any CPU
		{F0B59E9B-5F9E-4403-899B-ED0A90585D3E}.Release|Any CPU.ActiveCfg = Release|Any CPU
		{F0B59E9B-5F9E-4403-899B-ED0A90585D3E}.Release|Any CPU.Build.0 = Release|Any CPU
		{355FC728-B604-404F-BEAD-5E9F2852444D}.Debug|Any CPU.ActiveCfg = Debug|Any CPU
		{355FC728-B604-404F-BEAD-5E9F2852444D}.Debug|Any CPU.Build.0 = Debug|Any CPU
		{355FC728-B604-404F-BEAD-5E9F2852444D}.Release|Any CPU.ActiveCfg = Release|Any CPU
		{355FC728-B604-404F-BEAD-5E9F2852444D}.Release|Any CPU.Build.0 = Release|Any CPU
		{1A3B9EB8-C7EB-4C35-A020-8217BA5F1018}.Debug|Any CPU.ActiveCfg = Debug|Any CPU
		{1A3B9EB8-C7EB-4C35-A020-8217BA5F1018}.Debug|Any CPU.Build.0 = Debug|Any CPU
		{1A3B9EB8-C7EB-4C35-A020-8217BA5F1018}.Release|Any CPU.ActiveCfg = Release|Any CPU
		{1A3B9EB8-C7EB-4C35-A020-8217BA5F1018}.Release|Any CPU.Build.0 = Release|Any CPU
	EndGlobalSection
EndGlobal
